<?xml version="1.0" encoding="utf-8"?>
<Project ToolsVersion="4.0" xmlns="http://schemas.microsoft.com/developer/msbuild/2003">
  <ItemGroup>
    <Filter Include="ソース ファイル">
      <UniqueIdentifier>{4FC737F1-C7A5-4376-A066-2A32D752A2FF}</UniqueIdentifier>
      <Extensions>cpp;c;cc;cxx;def;odl;idl;hpj;bat;asm;asmx</Extensions>
    </Filter>
    <Filter Include="ヘッダー ファイル">
      <UniqueIdentifier>{93995380-89BD-4b04-88EB-625FBE52EBFB}</UniqueIdentifier>
      <Extensions>h;hh;hpp;hxx;hm;inl;inc;ipp;xsd</Extensions>
    </Filter>
    <Filter Include="リソース ファイル">
      <UniqueIdentifier>{67DA6AB6-F800-4c08-8B7A-83BB121AAD01}</UniqueIdentifier>
      <Extensions>rc;ico;cur;bmp;dlg;rc2;rct;bin;rgs;gif;jpg;jpeg;jpe;resx;tiff;tif;png;wav;mfcribbon-ms</Extensions>
    </Filter>
    <Filter Include="ソース ファイル\MQTTSNPacket">
      <UniqueIdentifier>{36791779-ed35-4a69-b1c2-abba9956a677}</UniqueIdentifier>
    </Filter>
  </ItemGroup>
  <ItemGroup>
    <ClInclude Include="gummo_json.h">
      <Filter>ヘッダー ファイル</Filter>
    </ClInclude>
    <ClInclude Include="MQTTSNPacket\MQTTSNConnect.h">
      <Filter>ソース ファイル\MQTTSNPacket</Filter>
    </ClInclude>
    <ClInclude Include="MQTTSNPacket\MQTTSNPacket.h">
      <Filter>ソース ファイル\MQTTSNPacket</Filter>
    </ClInclude>
    <ClInclude Include="MQTTSNPacket\MQTTSNPublish.h">
      <Filter>ソース ファイル\MQTTSNPacket</Filter>
    </ClInclude>
    <ClInclude Include="MQTTSNPacket\MQTTSNSearch.h">
      <Filter>ソース ファイル\MQTTSNPacket</Filter>
    </ClInclude>
    <ClInclude Include="MQTTSNPacket\MQTTSNSubscribe.h">
      <Filter>ソース ファイル\MQTTSNPacket</Filter>
    </ClInclude>
    <ClInclude Include="MQTTSNPacket\MQTTSNUnsubscribe.h">
      <Filter>ソース ファイル\MQTTSNPacket</Filter>
    </ClInclude>
    <ClInclude Include="MQTTSNPacket\StackTrace.h">
      <Filter>ソース ファイル\MQTTSNPacket</Filter>
    </ClInclude>
    <ClInclude Include="transport.h">
      <Filter>ソース ファイル</Filter>
    </ClInclude>
    <ClInclude Include="refrection.h">
      <Filter>ヘッダー ファイル</Filter>
    </ClInclude>
  </ItemGroup>
  <ItemGroup>
    <ClCompile Include="main.c">
      <Filter>ソース ファイル</Filter>
    </ClCompile>
    <ClCompile Include="gummo_json.c">
      <Filter>ソース ファイル</Filter>
    </ClCompile>
    <ClCompile Include="refrection.c">
      <Filter>ソース ファイル</Filter>
    </ClCompile>
    <ClCompile Include="MQTTSNPacket\MQTTSNConnectClient.c">
      <Filter>ソース ファイル\MQTTSNPacket</Filter>
    </ClCompile>
    <ClCompile Include="MQTTSNPacket\MQTTSNConnectServer.c">
      <Filter>ソース ファイル\MQTTSNPacket</Filter>
    </ClCompile>
    <ClCompile Include="MQTTSNPacket\MQTTSNDeserializePublish.c">
      <Filter>ソース ファイル\MQTTSNPacket</Filter>
    </ClCompile>
    <ClCompile Include="MQTTSNPacket\MQTTSNPacket.c">
      <Filter>ソース ファイル\MQTTSNPacket</Filter>
    </ClCompile>
    <ClCompile Include="MQTTSNPacket\MQTTSNSearchClient.c">
      <Filter>ソース ファイル\MQTTSNPacket</Filter>
    </ClCompile>
    <ClCompile Include="MQTTSNPacket\MQTTSNSearchServer.c">
      <Filter>ソース ファイル\MQTTSNPacket</Filter>
    </ClCompile>
    <ClCompile Include="MQTTSNPacket\MQTTSNSerializePublish.c">
      <Filter>ソース ファイル\MQTTSNPacket</Filter>
    </ClCompile>
    <ClCompile Include="MQTTSNPacket\MQTTSNSubscribeClient.c">
      <Filter>ソース ファイル\MQTTSNPacket</Filter>
    </ClCompile>
    <ClCompile Include="MQTTSNPacket\MQTTSNSubscribeServer.c">
      <Filter>ソース ファイル\MQTTSNPacket</Filter>
    </ClCompile>
    <ClCompile Include="MQTTSNPacket\MQTTSNUnsubscribeClient.c">
      <Filter>ソース ファイル\MQTTSNPacket</Filter>
    </ClCompile>
    <ClCompile Include="MQTTSNPacket\MQTTSNUnsubscribeServer.c">
      <Filter>ソース ファイル\MQTTSNPacket</Filter>
    </ClCompile>
    <ClCompile Include="transport.c">
      <Filter>ソース ファイル</Filter>
    </ClCompile>
  </ItemGroup>
</Project>